// !$*UTF8*$!
{
	archiveVersion = 1;
	classes = {
	};
	objectVersion = 56;
	objects = {

/* Begin PBXBuildFile section */
		11C3B22B2A94E15C00C49CA3 /* PokemonZukanApp.swift in Sources */ = {isa = PBXBuildFile; fileRef = 11C3B22A2A94E15C00C49CA3 /* PokemonZukanApp.swift */; };
		11C3B22D2A94E15C00C49CA3 /* ContentView.swift in Sources */ = {isa = PBXBuildFile; fileRef = 11C3B22C2A94E15C00C49CA3 /* ContentView.swift */; };
		11C3B22F2A94E15E00C49CA3 /* Assets.xcassets in Resources */ = {isa = PBXBuildFile; fileRef = 11C3B22E2A94E15E00C49CA3 /* Assets.xcassets */; };
		11C3B2322A94E15E00C49CA3 /* Preview Assets.xcassets in Resources */ = {isa = PBXBuildFile; fileRef = 11C3B2312A94E15E00C49CA3 /* Preview Assets.xcassets */; };
		11C3B23C2A94E15E00C49CA3 /* ContentVIewModelTests.swift in Sources */ = {isa = PBXBuildFile; fileRef = 11C3B23B2A94E15E00C49CA3 /* ContentVIewModelTests.swift */; };
		11C3B2552A94E4F700C49CA3 /* ContentView+ViewModel.swift in Sources */ = {isa = PBXBuildFile; fileRef = 11C3B2542A94E4F700C49CA3 /* ContentView+ViewModel.swift */; };
		11C3B25B2A94E64800C49CA3 /* DefaultPokemonRepository.swift in Sources */ = {isa = PBXBuildFile; fileRef = 11C3B25A2A94E64800C49CA3 /* DefaultPokemonRepository.swift */; };
		11C3B25E2A94E6E500C49CA3 /* Pokemon.swift in Sources */ = {isa = PBXBuildFile; fileRef = 11C3B25D2A94E6E500C49CA3 /* Pokemon.swift */; };
		11C3B2602A94E7DD00C49CA3 /* NetworkHttp.swift in Sources */ = {isa = PBXBuildFile; fileRef = 11C3B25F2A94E7DD00C49CA3 /* NetworkHttp.swift */; };
		11C3B2652A94E96400C49CA3 /* Pokemon+fixture.swift in Sources */ = {isa = PBXBuildFile; fileRef = 11C3B2642A94E96400C49CA3 /* Pokemon+fixture.swift */; };
		11C3B2682A94E9E800C49CA3 /* PokemonRepositoryDoubles.swift in Sources */ = {isa = PBXBuildFile; fileRef = 11C3B2672A94E9E800C49CA3 /* PokemonRepositoryDoubles.swift */; };
		11C3B26A2A94EFFC00C49CA3 /* PageView.swift in Sources */ = {isa = PBXBuildFile; fileRef = 11C3B2692A94EFFC00C49CA3 /* PageView.swift */; };
		11C3B26C2A9635F700C49CA3 /* PageView+ViewModel.swift in Sources */ = {isa = PBXBuildFile; fileRef = 11C3B26B2A9635F700C49CA3 /* PageView+ViewModel.swift */; };
		11C3B26E2A96365300C49CA3 /* PageViewModelTests.swift in Sources */ = {isa = PBXBuildFile; fileRef = 11C3B26D2A96365200C49CA3 /* PageViewModelTests.swift */; };
		11C3B2702A963F7000C49CA3 /* PokemonRow.swift in Sources */ = {isa = PBXBuildFile; fileRef = 11C3B26F2A963F7000C49CA3 /* PokemonRow.swift */; };
		11C3B2722A963F9600C49CA3 /* PokemonRow+ViewModel.swift in Sources */ = {isa = PBXBuildFile; fileRef = 11C3B2712A963F9600C49CA3 /* PokemonRow+ViewModel.swift */; };
		11C3B2742A963FD400C49CA3 /* PokemonRowViewModelTests.swift in Sources */ = {isa = PBXBuildFile; fileRef = 11C3B2732A963FD400C49CA3 /* PokemonRowViewModelTests.swift */; };
		11C3B2762A96414A00C49CA3 /* PokemonRepositoryTests.swift in Sources */ = {isa = PBXBuildFile; fileRef = 11C3B2752A96414A00C49CA3 /* PokemonRepositoryTests.swift */; };
		11C3B2792A9641B600C49CA3 /* HttpDoubles.swift in Sources */ = {isa = PBXBuildFile; fileRef = 11C3B2782A9641B600C49CA3 /* HttpDoubles.swift */; };
/* End PBXBuildFile section */

/* Begin PBXContainerItemProxy section */
		11C3B2382A94E15E00C49CA3 /* PBXContainerItemProxy */ = {
			isa = PBXContainerItemProxy;
			containerPortal = 11C3B21F2A94E15C00C49CA3 /* Project object */;
			proxyType = 1;
			remoteGlobalIDString = 11C3B2262A94E15C00C49CA3;
			remoteInfo = PokemonZukan;
		};
/* End PBXContainerItemProxy section */

/* Begin PBXFileReference section */
		11C3B2272A94E15C00C49CA3 /* PokemonZukan.app */ = {isa = PBXFileReference; explicitFileType = wrapper.application; includeInIndex = 0; path = PokemonZukan.app; sourceTree = BUILT_PRODUCTS_DIR; };
		11C3B22A2A94E15C00C49CA3 /* PokemonZukanApp.swift */ = {isa = PBXFileReference; lastKnownFileType = sourcecode.swift; path = PokemonZukanApp.swift; sourceTree = "<group>"; };
		11C3B22C2A94E15C00C49CA3 /* ContentView.swift */ = {isa = PBXFileReference; lastKnownFileType = sourcecode.swift; path = ContentView.swift; sourceTree = "<group>"; };
		11C3B22E2A94E15E00C49CA3 /* Assets.xcassets */ = {isa = PBXFileReference; lastKnownFileType = folder.assetcatalog; path = Assets.xcassets; sourceTree = "<group>"; };
		11C3B2312A94E15E00C49CA3 /* Preview Assets.xcassets */ = {isa = PBXFileReference; lastKnownFileType = folder.assetcatalog; path = "Preview Assets.xcassets"; sourceTree = "<group>"; };
		11C3B2372A94E15E00C49CA3 /* PokemonZukanTests.xctest */ = {isa = PBXFileReference; explicitFileType = wrapper.cfbundle; includeInIndex = 0; path = PokemonZukanTests.xctest; sourceTree = BUILT_PRODUCTS_DIR; };
		11C3B23B2A94E15E00C49CA3 /* ContentVIewModelTests.swift */ = {isa = PBXFileReference; lastKnownFileType = sourcecode.swift; path = ContentVIewModelTests.swift; sourceTree = "<group>"; };
		11C3B2542A94E4F700C49CA3 /* ContentView+ViewModel.swift */ = {isa = PBXFileReference; lastKnownFileType = sourcecode.swift; path = "ContentView+ViewModel.swift"; sourceTree = "<group>"; };
		11C3B25A2A94E64800C49CA3 /* DefaultPokemonRepository.swift */ = {isa = PBXFileReference; lastKnownFileType = sourcecode.swift; path = DefaultPokemonRepository.swift; sourceTree = "<group>"; };
		11C3B25D2A94E6E500C49CA3 /* Pokemon.swift */ = {isa = PBXFileReference; lastKnownFileType = sourcecode.swift; path = Pokemon.swift; sourceTree = "<group>"; };
		11C3B25F2A94E7DD00C49CA3 /* NetworkHttp.swift */ = {isa = PBXFileReference; lastKnownFileType = sourcecode.swift; path = NetworkHttp.swift; sourceTree = "<group>"; };
		11C3B2642A94E96400C49CA3 /* Pokemon+fixture.swift */ = {isa = PBXFileReference; lastKnownFileType = sourcecode.swift; path = "Pokemon+fixture.swift"; sourceTree = "<group>"; };
		11C3B2672A94E9E800C49CA3 /* PokemonRepositoryDoubles.swift */ = {isa = PBXFileReference; lastKnownFileType = sourcecode.swift; path = PokemonRepositoryDoubles.swift; sourceTree = "<group>"; };
		11C3B2692A94EFFC00C49CA3 /* PageView.swift */ = {isa = PBXFileReference; lastKnownFileType = sourcecode.swift; path = PageView.swift; sourceTree = "<group>"; };
		11C3B26B2A9635F700C49CA3 /* PageView+ViewModel.swift */ = {isa = PBXFileReference; lastKnownFileType = sourcecode.swift; path = "PageView+ViewModel.swift"; sourceTree = "<group>"; };
		11C3B26D2A96365200C49CA3 /* PageViewModelTests.swift */ = {isa = PBXFileReference; lastKnownFileType = sourcecode.swift; path = PageViewModelTests.swift; sourceTree = "<group>"; };
		11C3B26F2A963F7000C49CA3 /* PokemonRow.swift */ = {isa = PBXFileReference; lastKnownFileType = sourcecode.swift; path = PokemonRow.swift; sourceTree = "<group>"; };
		11C3B2712A963F9600C49CA3 /* PokemonRow+ViewModel.swift */ = {isa = PBXFileReference; lastKnownFileType = sourcecode.swift; path = "PokemonRow+ViewModel.swift"; sourceTree = "<group>"; };
		11C3B2732A963FD400C49CA3 /* PokemonRowViewModelTests.swift */ = {isa = PBXFileReference; lastKnownFileType = sourcecode.swift; path = PokemonRowViewModelTests.swift; sourceTree = "<group>"; };
		11C3B2752A96414A00C49CA3 /* PokemonRepositoryTests.swift */ = {isa = PBXFileReference; lastKnownFileType = sourcecode.swift; path = PokemonRepositoryTests.swift; sourceTree = "<group>"; };
		11C3B2782A9641B600C49CA3 /* HttpDoubles.swift */ = {isa = PBXFileReference; lastKnownFileType = sourcecode.swift; path = HttpDoubles.swift; sourceTree = "<group>"; };
/* End PBXFileReference section */

/* Begin PBXFrameworksBuildPhase section */
		11C3B2242A94E15C00C49CA3 /* Frameworks */ = {
			isa = PBXFrameworksBuildPhase;
			buildActionMask = 2147483647;
			files = (
			);
			runOnlyForDeploymentPostprocessing = 0;
		};
		11C3B2342A94E15E00C49CA3 /* Frameworks */ = {
			isa = PBXFrameworksBuildPhase;
			buildActionMask = 2147483647;
			files = (
			);
			runOnlyForDeploymentPostprocessing = 0;
		};
/* End PBXFrameworksBuildPhase section */

/* Begin PBXGroup section */
		11C3B21E2A94E15C00C49CA3 = {
			isa = PBXGroup;
			children = (
				11C3B2292A94E15C00C49CA3 /* PokemonZukan */,
				11C3B23A2A94E15E00C49CA3 /* PokemonZukanTests */,
				11C3B2282A94E15C00C49CA3 /* Products */,
			);
			sourceTree = "<group>";
		};
		11C3B2282A94E15C00C49CA3 /* Products */ = {
			isa = PBXGroup;
			children = (
				11C3B2272A94E15C00C49CA3 /* PokemonZukan.app */,
				11C3B2372A94E15E00C49CA3 /* PokemonZukanTests.xctest */,
			);
			name = Products;
			sourceTree = "<group>";
		};
		11C3B2292A94E15C00C49CA3 /* PokemonZukan */ = {
			isa = PBXGroup;
			children = (
				11C3B25C2A94E6DC00C49CA3 /* Model */,
				11C3B2592A94E62800C49CA3 /* Repository */,
				11C3B2582A94E62100C49CA3 /* Http */,
				11C3B2572A94E61C00C49CA3 /* View */,
				11C3B2562A94E61400C49CA3 /* ViewModel */,
				11C3B22A2A94E15C00C49CA3 /* PokemonZukanApp.swift */,
				11C3B22E2A94E15E00C49CA3 /* Assets.xcassets */,
				11C3B2302A94E15E00C49CA3 /* Preview Content */,
			);
			path = PokemonZukan;
			sourceTree = "<group>";
		};
		11C3B2302A94E15E00C49CA3 /* Preview Content */ = {
			isa = PBXGroup;
			children = (
				11C3B2312A94E15E00C49CA3 /* Preview Assets.xcassets */,
			);
			path = "Preview Content";
			sourceTree = "<group>";
		};
		11C3B23A2A94E15E00C49CA3 /* PokemonZukanTests */ = {
			isa = PBXGroup;
			children = (
				11C3B2772A9641AC00C49CA3 /* Http */,
				11C3B2632A94E95600C49CA3 /* Model */,
				11C3B2622A94E95100C49CA3 /* ViewModel */,
				11C3B2612A94E94700C49CA3 /* Repository */,
			);
			path = PokemonZukanTests;
			sourceTree = "<group>";
		};
		11C3B2562A94E61400C49CA3 /* ViewModel */ = {
			isa = PBXGroup;
			children = (
				11C3B2542A94E4F700C49CA3 /* ContentView+ViewModel.swift */,
				11C3B26B2A9635F700C49CA3 /* PageView+ViewModel.swift */,
				11C3B2712A963F9600C49CA3 /* PokemonRow+ViewModel.swift */,
			);
			path = ViewModel;
			sourceTree = "<group>";
		};
		11C3B2572A94E61C00C49CA3 /* View */ = {
			isa = PBXGroup;
			children = (
				11C3B22C2A94E15C00C49CA3 /* ContentView.swift */,
				11C3B2692A94EFFC00C49CA3 /* PageView.swift */,
				11C3B26F2A963F7000C49CA3 /* PokemonRow.swift */,
			);
			path = View;
			sourceTree = "<group>";
		};
		11C3B2582A94E62100C49CA3 /* Http */ = {
			isa = PBXGroup;
			children = (
				11C3B25F2A94E7DD00C49CA3 /* NetworkHttp.swift */,
			);
			path = Http;
			sourceTree = "<group>";
		};
		11C3B2592A94E62800C49CA3 /* Repository */ = {
			isa = PBXGroup;
			children = (
				11C3B25A2A94E64800C49CA3 /* DefaultPokemonRepository.swift */,
			);
			path = Repository;
			sourceTree = "<group>";
		};
		11C3B25C2A94E6DC00C49CA3 /* Model */ = {
			isa = PBXGroup;
			children = (
				11C3B25D2A94E6E500C49CA3 /* Pokemon.swift */,
			);
			path = Model;
			sourceTree = "<group>";
		};
		11C3B2612A94E94700C49CA3 /* Repository */ = {
			isa = PBXGroup;
			children = (
				11C3B2662A94E9CF00C49CA3 /* Doubles */,
				11C3B2752A96414A00C49CA3 /* PokemonRepositoryTests.swift */,
			);
			path = Repository;
			sourceTree = "<group>";
		};
		11C3B2622A94E95100C49CA3 /* ViewModel */ = {
			isa = PBXGroup;
			children = (
				11C3B23B2A94E15E00C49CA3 /* ContentVIewModelTests.swift */,
				11C3B26D2A96365200C49CA3 /* PageViewModelTests.swift */,
				11C3B2732A963FD400C49CA3 /* PokemonRowViewModelTests.swift */,
			);
			path = ViewModel;
			sourceTree = "<group>";
		};
		11C3B2632A94E95600C49CA3 /* Model */ = {
			isa = PBXGroup;
			children = (
				11C3B2642A94E96400C49CA3 /* Pokemon+fixture.swift */,
			);
			path = Model;
			sourceTree = "<group>";
		};
		11C3B2662A94E9CF00C49CA3 /* Doubles */ = {
			isa = PBXGroup;
			children = (
				11C3B2672A94E9E800C49CA3 /* PokemonRepositoryDoubles.swift */,
			);
			path = Doubles;
			sourceTree = "<group>";
		};
		11C3B2772A9641AC00C49CA3 /* Http */ = {
			isa = PBXGroup;
			children = (
				11C3B2782A9641B600C49CA3 /* HttpDoubles.swift */,
			);
			path = Http;
			sourceTree = "<group>";
		};
/* End PBXGroup section */

/* Begin PBXNativeTarget section */
		11C3B2262A94E15C00C49CA3 /* PokemonZukan */ = {
			isa = PBXNativeTarget;
			buildConfigurationList = 11C3B24B2A94E15E00C49CA3 /* Build configuration list for PBXNativeTarget "PokemonZukan" */;
			buildPhases = (
				11C3B2232A94E15C00C49CA3 /* Sources */,
				11C3B2242A94E15C00C49CA3 /* Frameworks */,
				11C3B2252A94E15C00C49CA3 /* Resources */,
			);
			buildRules = (
			);
			dependencies = (
			);
			name = PokemonZukan;
			productName = PokemonZukan;
			productReference = 11C3B2272A94E15C00C49CA3 /* PokemonZukan.app */;
			productType = "com.apple.product-type.application";
		};
		11C3B2362A94E15E00C49CA3 /* PokemonZukanTests */ = {
			isa = PBXNativeTarget;
			buildConfigurationList = 11C3B24E2A94E15E00C49CA3 /* Build configuration list for PBXNativeTarget "PokemonZukanTests" */;
			buildPhases = (
				11C3B2332A94E15E00C49CA3 /* Sources */,
				11C3B2342A94E15E00C49CA3 /* Frameworks */,
				11C3B2352A94E15E00C49CA3 /* Resources */,
			);
			buildRules = (
			);
			dependencies = (
				11C3B2392A94E15E00C49CA3 /* PBXTargetDependency */,
			);
			name = PokemonZukanTests;
			productName = PokemonZukanTests;
			productReference = 11C3B2372A94E15E00C49CA3 /* PokemonZukanTests.xctest */;
			productType = "com.apple.product-type.bundle.unit-test";
		};
/* End PBXNativeTarget section */

/* Begin PBXProject section */
		11C3B21F2A94E15C00C49CA3 /* Project object */ = {
			isa = PBXProject;
			attributes = {
				BuildIndependentTargetsInParallel = 1;
				LastSwiftUpdateCheck = 1430;
				LastUpgradeCheck = 1430;
				TargetAttributes = {
					11C3B2262A94E15C00C49CA3 = {
						CreatedOnToolsVersion = 14.3.1;
					};
					11C3B2362A94E15E00C49CA3 = {
						CreatedOnToolsVersion = 14.3.1;
						TestTargetID = 11C3B2262A94E15C00C49CA3;
					};
				};
			};
			buildConfigurationList = 11C3B2222A94E15C00C49CA3 /* Build configuration list for PBXProject "PokemonZukan" */;
			compatibilityVersion = "Xcode 14.0";
			developmentRegion = en;
			hasScannedForEncodings = 0;
			knownRegions = (
				en,
				Base,
			);
			mainGroup = 11C3B21E2A94E15C00C49CA3;
			productRefGroup = 11C3B2282A94E15C00C49CA3 /* Products */;
			projectDirPath = "";
			projectRoot = "";
			targets = (
				11C3B2262A94E15C00C49CA3 /* PokemonZukan */,
				11C3B2362A94E15E00C49CA3 /* PokemonZukanTests */,
			);
		};
/* End PBXProject section */

/* Begin PBXResourcesBuildPhase section */
		11C3B2252A94E15C00C49CA3 /* Resources */ = {
			isa = PBXResourcesBuildPhase;
			buildActionMask = 2147483647;
			files = (
				11C3B2322A94E15E00C49CA3 /* Preview Assets.xcassets in Resources */,
				11C3B22F2A94E15E00C49CA3 /* Assets.xcassets in Resources */,
			);
			runOnlyForDeploymentPostprocessing = 0;
		};
		11C3B2352A94E15E00C49CA3 /* Resources */ = {
			isa = PBXResourcesBuildPhase;
			buildActionMask = 2147483647;
			files = (
			);
			runOnlyForDeploymentPostprocessing = 0;
		};
/* End PBXResourcesBuildPhase section */

/* Begin PBXSourcesBuildPhase section */
		11C3B2232A94E15C00C49CA3 /* Sources */ = {
			isa = PBXSourcesBuildPhase;
			buildActionMask = 2147483647;
			files = (
				11C3B25E2A94E6E500C49CA3 /* Pokemon.swift in Sources */,
				11C3B22D2A94E15C00C49CA3 /* ContentView.swift in Sources */,
				11C3B26C2A9635F700C49CA3 /* PageView+ViewModel.swift in Sources */,
				11C3B22B2A94E15C00C49CA3 /* PokemonZukanApp.swift in Sources */,
				11C3B2552A94E4F700C49CA3 /* ContentView+ViewModel.swift in Sources */,
				11C3B2602A94E7DD00C49CA3 /* NetworkHttp.swift in Sources */,
				11C3B25B2A94E64800C49CA3 /* DefaultPokemonRepository.swift in Sources */,
				11C3B26A2A94EFFC00C49CA3 /* PageView.swift in Sources */,
				11C3B2702A963F7000C49CA3 /* PokemonRow.swift in Sources */,
				11C3B2722A963F9600C49CA3 /* PokemonRow+ViewModel.swift in Sources */,
			);
			runOnlyForDeploymentPostprocessing = 0;
		};
		11C3B2332A94E15E00C49CA3 /* Sources */ = {
			isa = PBXSourcesBuildPhase;
			buildActionMask = 2147483647;
			files = (
				11C3B23C2A94E15E00C49CA3 /* ContentVIewModelTests.swift in Sources */,
				11C3B2652A94E96400C49CA3 /* Pokemon+fixture.swift in Sources */,
				11C3B2742A963FD400C49CA3 /* PokemonRowViewModelTests.swift in Sources */,
				11C3B2762A96414A00C49CA3 /* PokemonRepositoryTests.swift in Sources */,
				11C3B2792A9641B600C49CA3 /* HttpDoubles.swift in Sources */,
				11C3B2682A94E9E800C49CA3 /* PokemonRepositoryDoubles.swift in Sources */,
				11C3B26E2A96365300C49CA3 /* PageViewModelTests.swift in Sources */,
			);
			runOnlyForDeploymentPostprocessing = 0;
		};
/* End PBXSourcesBuildPhase section */

/* Begin PBXTargetDependency section */
		11C3B2392A94E15E00C49CA3 /* PBXTargetDependency */ = {
			isa = PBXTargetDependency;
			target = 11C3B2262A94E15C00C49CA3 /* PokemonZukan */;
			targetProxy = 11C3B2382A94E15E00C49CA3 /* PBXContainerItemProxy */;
		};
/* End PBXTargetDependency section */

/* Begin XCBuildConfiguration section */
		11C3B2492A94E15E00C49CA3 /* Debug */ = {
			isa = XCBuildConfiguration;
			buildSettings = {
				ALWAYS_SEARCH_USER_PATHS = NO;
				CLANG_ANALYZER_NONNULL = YES;
				CLANG_ANALYZER_NUMBER_OBJECT_CONVERSION = YES_AGGRESSIVE;
				CLANG_CXX_LANGUAGE_STANDARD = "gnu++20";
				CLANG_ENABLE_MODULES = YES;
				CLANG_ENABLE_OBJC_ARC = YES;
				CLANG_ENABLE_OBJC_WEAK = YES;
				CLANG_WARN_BLOCK_CAPTURE_AUTORELEASING = YES;
				CLANG_WARN_BOOL_CONVERSION = YES;
				CLANG_WARN_COMMA = YES;
				CLANG_WARN_CONSTANT_CONVERSION = YES;
				CLANG_WARN_DEPRECATED_OBJC_IMPLEMENTATIONS = YES;
				CLANG_WARN_DIRECT_OBJC_ISA_USAGE = YES_ERROR;
				CLANG_WARN_DOCUMENTATION_COMMENTS = YES;
				CLANG_WARN_EMPTY_BODY = YES;
				CLANG_WARN_ENUM_CONVERSION = YES;
				CLANG_WARN_INFINITE_RECURSION = YES;
				CLANG_WARN_INT_CONVERSION = YES;
				CLANG_WARN_NON_LITERAL_NULL_CONVERSION = YES;
				CLANG_WARN_OBJC_IMPLICIT_RETAIN_SELF = YES;
				CLANG_WARN_OBJC_LITERAL_CONVERSION = YES;
				CLANG_WARN_OBJC_ROOT_CLASS = YES_ERROR;
				CLANG_WARN_QUOTED_INCLUDE_IN_FRAMEWORK_HEADER = YES;
				CLANG_WARN_RANGE_LOOP_ANALYSIS = YES;
				CLANG_WARN_STRICT_PROTOTYPES = YES;
				CLANG_WARN_SUSPICIOUS_MOVE = YES;
				CLANG_WARN_UNGUARDED_AVAILABILITY = YES_AGGRESSIVE;
				CLANG_WARN_UNREACHABLE_CODE = YES;
				CLANG_WARN__DUPLICATE_METHOD_MATCH = YES;
				COPY_PHASE_STRIP = NO;
				DEBUG_INFORMATION_FORMAT = dwarf;
				ENABLE_STRICT_OBJC_MSGSEND = YES;
				ENABLE_TESTABILITY = YES;
				GCC_C_LANGUAGE_STANDARD = gnu11;
				GCC_DYNAMIC_NO_PIC = NO;
				GCC_NO_COMMON_BLOCKS = YES;
				GCC_OPTIMIZATION_LEVEL = 0;
				GCC_PREPROCESSOR_DEFINITIONS = (
					"DEBUG=1",
					"$(inherited)",
				);
				GCC_WARN_64_TO_32_BIT_CONVERSION = YES;
				GCC_WARN_ABOUT_RETURN_TYPE = YES_ERROR;
				GCC_WARN_UNDECLARED_SELECTOR = YES;
				GCC_WARN_UNINITIALIZED_AUTOS = YES_AGGRESSIVE;
				GCC_WARN_UNUSED_FUNCTION = YES;
				GCC_WARN_UNUSED_VARIABLE = YES;
				IPHONEOS_DEPLOYMENT_TARGET = 16.4;
				MTL_ENABLE_DEBUG_INFO = INCLUDE_SOURCE;
				MTL_FAST_MATH = YES;
				ONLY_ACTIVE_ARCH = YES;
				SDKROOT = iphoneos;
				SWIFT_ACTIVE_COMPILATION_CONDITIONS = DEBUG;
				SWIFT_OPTIMIZATION_LEVEL = "-Onone";
			};
			name = Debug;
		};
		11C3B24A2A94E15E00C49CA3 /* Release */ = {
			isa = XCBuildConfiguration;
			buildSettings = {
				ALWAYS_SEARCH_USER_PATHS = NO;
				CLANG_ANALYZER_NONNULL = YES;
				CLANG_ANALYZER_NUMBER_OBJECT_CONVERSION = YES_AGGRESSIVE;
				CLANG_CXX_LANGUAGE_STANDARD = "gnu++20";
				CLANG_ENABLE_MODULES = YES;
				CLANG_ENABLE_OBJC_ARC = YES;
				CLANG_ENABLE_OBJC_WEAK = YES;
				CLANG_WARN_BLOCK_CAPTURE_AUTORELEASING = YES;
				CLANG_WARN_BOOL_CONVERSION = YES;
				CLANG_WARN_COMMA = YES;
				CLANG_WARN_CONSTANT_CONVERSION = YES;
				CLANG_WARN_DEPRECATED_OBJC_IMPLEMENTATIONS = YES;
				CLANG_WARN_DIRECT_OBJC_ISA_USAGE = YES_ERROR;
				CLANG_WARN_DOCUMENTATION_COMMENTS = YES;
				CLANG_WARN_EMPTY_BODY = YES;
				CLANG_WARN_ENUM_CONVERSION = YES;
				CLANG_WARN_INFINITE_RECURSION = YES;
				CLANG_WARN_INT_CONVERSION = YES;
				CLANG_WARN_NON_LITERAL_NULL_CONVERSION = YES;
				CLANG_WARN_OBJC_IMPLICIT_RETAIN_SELF = YES;
				CLANG_WARN_OBJC_LITERAL_CONVERSION = YES;
				CLANG_WARN_OBJC_ROOT_CLASS = YES_ERROR;
				CLANG_WARN_QUOTED_INCLUDE_IN_FRAMEWORK_HEADER = YES;
				CLANG_WARN_RANGE_LOOP_ANALYSIS = YES;
				CLANG_WARN_STRICT_PROTOTYPES = YES;
				CLANG_WARN_SUSPICIOUS_MOVE = YES;
				CLANG_WARN_UNGUARDED_AVAILABILITY = YES_AGGRESSIVE;
				CLANG_WARN_UNREACHABLE_CODE = YES;
				CLANG_WARN__DUPLICATE_METHOD_MATCH = YES;
				COPY_PHASE_STRIP = NO;
				DEBUG_INFORMATION_FORMAT = "dwarf-with-dsym";
				ENABLE_NS_ASSERTIONS = NO;
				ENABLE_STRICT_OBJC_MSGSEND = YES;
				GCC_C_LANGUAGE_STANDARD = gnu11;
				GCC_NO_COMMON_BLOCKS = YES;
				GCC_WARN_64_TO_32_BIT_CONVERSION = YES;
				GCC_WARN_ABOUT_RETURN_TYPE = YES_ERROR;
				GCC_WARN_UNDECLARED_SELECTOR = YES;
				GCC_WARN_UNINITIALIZED_AUTOS = YES_AGGRESSIVE;
				GCC_WARN_UNUSED_FUNCTION = YES;
				GCC_WARN_UNUSED_VARIABLE = YES;
				IPHONEOS_DEPLOYMENT_TARGET = 16.4;
				MTL_ENABLE_DEBUG_INFO = NO;
				MTL_FAST_MATH = YES;
				SDKROOT = iphoneos;
				SWIFT_COMPILATION_MODE = wholemodule;
				SWIFT_OPTIMIZATION_LEVEL = "-O";
				VALIDATE_PRODUCT = YES;
			};
			name = Release;
		};
		11C3B24C2A94E15E00C49CA3 /* Debug */ = {
			isa = XCBuildConfiguration;
			buildSettings = {
				ASSETCATALOG_COMPILER_APPICON_NAME = AppIcon;
				ASSETCATALOG_COMPILER_GLOBAL_ACCENT_COLOR_NAME = AccentColor;
				CODE_SIGN_STYLE = Automatic;
				CURRENT_PROJECT_VERSION = 1;
				DEVELOPMENT_ASSET_PATHS = "\"PokemonZukan/Preview Content\"";
				DEVELOPMENT_TEAM = 575NKNQV6Z;
				ENABLE_PREVIEWS = YES;
				GENERATE_INFOPLIST_FILE = YES;
				INFOPLIST_KEY_UIApplicationSceneManifest_Generation = YES;
				INFOPLIST_KEY_UIApplicationSupportsIndirectInputEvents = YES;
				INFOPLIST_KEY_UILaunchScreen_Generation = YES;
				INFOPLIST_KEY_UISupportedInterfaceOrientations_iPad = "UIInterfaceOrientationPortrait UIInterfaceOrientationPortraitUpsideDown UIInterfaceOrientationLandscapeLeft UIInterfaceOrientationLandscapeRight";
				INFOPLIST_KEY_UISupportedInterfaceOrientations_iPhone = "UIInterfaceOrientationPortrait UIInterfaceOrientationLandscapeLeft UIInterfaceOrientationLandscapeRight";
				LD_RUNPATH_SEARCH_PATHS = (
					"$(inherited)",
					"@executable_path/Frameworks",
				);
				MARKETING_VERSION = 1.0;
				PRODUCT_BUNDLE_IDENTIFIER = com.sk.PokemonZukan;
				PRODUCT_NAME = "$(TARGET_NAME)";
				SWIFT_EMIT_LOC_STRINGS = YES;
				SWIFT_VERSION = 5.0;
				TARGETED_DEVICE_FAMILY = "1,2";
			};
			name = Debug;
		};
		11C3B24D2A94E15E00C49CA3 /* Release */ = {
			isa = XCBuildConfiguration;
			buildSettings = {
				ASSETCATALOG_COMPILER_APPICON_NAME = AppIcon;
				ASSETCATALOG_COMPILER_GLOBAL_ACCENT_COLOR_NAME = AccentColor;
				CODE_SIGN_STYLE = Automatic;
				CURRENT_PROJECT_VERSION = 1;
				DEVELOPMENT_ASSET_PATHS = "\"PokemonZukan/Preview Content\"";
				DEVELOPMENT_TEAM = 575NKNQV6Z;
				ENABLE_PREVIEWS = YES;
				GENERATE_INFOPLIST_FILE = YES;
				INFOPLIST_KEY_UIApplicationSceneManifest_Generation = YES;
				INFOPLIST_KEY_UIApplicationSupportsIndirectInputEvents = YES;
				INFOPLIST_KEY_UILaunchScreen_Generation = YES;
				INFOPLIST_KEY_UISupportedInterfaceOrientations_iPad = "UIInterfaceOrientationPortrait UIInterfaceOrientationPortraitUpsideDown UIInterfaceOrientationLandscapeLeft UIInterfaceOrientationLandscapeRight";
				INFOPLIST_KEY_UISupportedInterfaceOrientations_iPhone = "UIInterfaceOrientationPortrait UIInterfaceOrientationLandscapeLeft UIInterfaceOrientationLandscapeRight";
				LD_RUNPATH_SEARCH_PATHS = (
					"$(inherited)",
					"@executable_path/Frameworks",
				);
				MARKETING_VERSION = 1.0;
				PRODUCT_BUNDLE_IDENTIFIER = com.sk.PokemonZukan;
				PRODUCT_NAME = "$(TARGET_NAME)";
				SWIFT_EMIT_LOC_STRINGS = YES;
				SWIFT_VERSION = 5.0;
				TARGETED_DEVICE_FAMILY = "1,2";
			};
			name = Release;
		};
		11C3B24F2A94E15E00C49CA3 /* Debug */ = {
			isa = XCBuildConfiguration;
			buildSettings = {
				ALWAYS_EMBED_SWIFT_STANDARD_LIBRARIES = YES;
				BUNDLE_LOADER = "$(TEST_HOST)";
				CODE_SIGN_STYLE = Automatic;
				CURRENT_PROJECT_VERSION = 1;
				DEVELOPMENT_TEAM = 575NKNQV6Z;
				GENERATE_INFOPLIST_FILE = YES;
				IPHONEOS_DEPLOYMENT_TARGET = 16.4;
				MARKETING_VERSION = 1.0;
				PRODUCT_BUNDLE_IDENTIFIER = com.sk.PokemonZukanTests;
				PRODUCT_NAME = "$(TARGET_NAME)";
				SWIFT_EMIT_LOC_STRINGS = NO;
				SWIFT_VERSION = 5.0;
				TARGETED_DEVICE_FAMILY = "1,2";
				TEST_HOST = "$(BUILT_PRODUCTS_DIR)/PokemonZukan.app/$(BUNDLE_EXECUTABLE_FOLDER_PATH)/PokemonZukan";
			};
			name = Debug;
		};
		11C3B2502A94E15E00C49CA3 /* Release */ = {
			isa = XCBuildConfiguration;
			buildSettings = {
				ALWAYS_EMBED_SWIFT_STANDARD_LIBRARIES = YES;
				BUNDLE_LOADER = "$(TEST_HOST)";
				CODE_SIGN_STYLE = Automatic;
				CURRENT_PROJECT_VERSION = 1;
				DEVELOPMENT_TEAM = 575NKNQV6Z;
				GENERATE_INFOPLIST_FILE = YES;
				IPHONEOS_DEPLOYMENT_TARGET = 16.4;
				MARKETING_VERSION = 1.0;
				PRODUCT_BUNDLE_IDENTIFIER = com.sk.PokemonZukanTests;
				PRODUCT_NAME = "$(TARGET_NAME)";
				SWIFT_EMIT_LOC_STRINGS = NO;
				SWIFT_VERSION = 5.0;
				TARGETED_DEVICE_FAMILY = "1,2";
				TEST_HOST = "$(BUILT_PRODUCTS_DIR)/PokemonZukan.app/$(BUNDLE_EXECUTABLE_FOLDER_PATH)/PokemonZukan";
			};
			name = Release;
		};
/* End XCBuildConfiguration section */

/* Begin XCConfigurationList section */
		11C3B2222A94E15C00C49CA3 /* Build configuration list for PBXProject "PokemonZukan" */ = {
			isa = XCConfigurationList;
			buildConfigurations = (
				11C3B2492A94E15E00C49CA3 /* Debug */,
				11C3B24A2A94E15E00C49CA3 /* Release */,
			);
			defaultConfigurationIsVisible = 0;
			defaultConfigurationName = Release;
		};
		11C3B24B2A94E15E00C49CA3 /* Build configuration list for PBXNativeTarget "PokemonZukan" */ = {
			isa = XCConfigurationList;
			buildConfigurations = (
				11C3B24C2A94E15E00C49CA3 /* Debug */,
				11C3B24D2A94E15E00C49CA3 /* Release */,
			);
			defaultConfigurationIsVisible = 0;
			defaultConfigurationName = Release;
		};
		11C3B24E2A94E15E00C49CA3 /* Build configuration list for PBXNativeTarget "PokemonZukanTests" */ = {
			isa = XCConfigurationList;
			buildConfigurations = (
				11C3B24F2A94E15E00C49CA3 /* Debug */,
				11C3B2502A94E15E00C49CA3 /* Release */,
			);
			defaultConfigurationIsVisible = 0;
			defaultConfigurationName = Release;
		};
/* End XCConfigurationList section */
	};
	rootObject = 11C3B21F2A94E15C00C49CA3 /* Project object */;
}
